Microsoft Visual Studio Solution File, Format Version 12.00
# Visual Studio 14
VisualStudioVersion = 14.0.24720.0
MinimumVisualStudioVersion = 10.0.40219.1
Project("{FAE04EC0-301F-11D3-BF4B-00C04F79EFBC}") = "PCSComUtils", "PCSComUtils\PCSComUtils.csproj", "{A146CF5E-F135-44DE-B57F-CEE4C2B0D688}"
EndProject
Project("{FAE04EC0-301F-11D3-BF4B-00C04F79EFBC}") = "PCSComProduct", "PCSComProduct\PCSComProduct.csproj", "{0F848537-F9CD-47FD-9843-B47981FC0F33}"
EndProject
Project("{FAE04EC0-301F-11D3-BF4B-00C04F79EFBC}") = "PCSComProduction", "PCSComProduction\PCSComProduction.csproj", "{C7CB663C-278C-4D47-8412-9ACF68163945}"
EndProject
Project("{FAE04EC0-301F-11D3-BF4B-00C04F79EFBC}") = "PCSComSale", "PCSComSale\PCSComSale.csproj", "{24C8BA34-C5E1-4797-9461-EABAFD7E4C21}"
EndProject
Project("{FAE04EC0-301F-11D3-BF4B-00C04F79EFBC}") = "PCSComMaterials", "PCSComMaterials\PCSComMaterials.csproj", "{F2AC6437-5358-4C9E-8FC5-C3133A827924}"
EndProject
Project("{FAE04EC0-301F-11D3-BF4B-00C04F79EFBC}") = "PCSComProcurement", "PCSComProcurement\PCSComProcurement.csproj", "{F66B9836-17A4-491B-B173-3CC249BE2335}"
EndProject
Project("{FAE04EC0-301F-11D3-BF4B-00C04F79EFBC}") = "PCSMain", "PCSMain\PCSMain.csproj", "{F04D0806-FEDF-41F3-BE23-B5D9DE50BBE1}"
EndProject
Project("{FAE04EC0-301F-11D3-BF4B-00C04F79EFBC}") = "PCSAssemblyLoader", "PCSAssemblyLoader\PCSAssemblyLoader.csproj", "{283E85A2-BB0B-494B-BC8F-B8FBEAF90C40}"
EndProject
Project("{FAE04EC0-301F-11D3-BF4B-00C04F79EFBC}") = "PCSUtils", "PCSUtils\PCSUtils.csproj", "{E5081AA4-75EC-4BE6-AFE8-B06468731975}"
EndProject
Project("{FAE04EC0-301F-11D3-BF4B-00C04F79EFBC}") = "PCSProduct", "PCSProduct\PCSProduct.csproj", "{DD7796F1-728B-404B-A92A-48F8B65E6DAF}"
EndProject
Project("{FAE04EC0-301F-11D3-BF4B-00C04F79EFBC}") = "PCSSale", "PCSSale\PCSSale.csproj", "{EB933A98-1AF9-4849-85FA-BCEFA574D59B}"
EndProject
Project("{FAE04EC0-301F-11D3-BF4B-00C04F79EFBC}") = "PCSProcurement", "PCSProcurement\PCSProcurement.csproj", "{798D3773-7CD2-47CC-B3A6-532289CFB0DF}"
EndProject
Project("{FAE04EC0-301F-11D3-BF4B-00C04F79EFBC}") = "PCSProduction", "PCSProduction\PCSProduction.csproj", "{02A4CA22-E178-4778-AE47-78FFE4FA716C}"
EndProject
Project("{FAE04EC0-301F-11D3-BF4B-00C04F79EFBC}") = "PCSMaterials", "PCSMaterials\PCSMaterials.csproj", "{787876FF-B8A4-4693-AADA-9FF818F2A6D6}"
EndProject
Project("{FAE04EC0-301F-11D3-BF4B-00C04F79EFBC}") = "PCSReport", "PCSReport\PCSReport.csproj", "{F5D85900-F7FF-4E22-9A3F-8BF957D794EA}"
EndProject
Project("{2150E333-8FDC-42A3-9474-1A3956D46DE8}") = "DBScripts", "DBScripts", "{DB6AB19E-7F28-4270-87E8-066C0AD36955}"
	ProjectSection(SolutionItems) = preProject
		Script\DBScript\01. DatabaseScript.sql = Script\DBScript\01. DatabaseScript.sql
		Script\DBScript\02. ViewScript.sql = Script\DBScript\02. ViewScript.sql
		Script\DBScript\03. NewTableConfig.sql = Script\DBScript\03. NewTableConfig.sql
		Script\DBScript\04. MenuConfig.sql = Script\DBScript\04. MenuConfig.sql
		Script\DBScript\05. StoreProcedure.sql = Script\DBScript\05. StoreProcedure.sql
		Script\DBScript\Changes2016.sql = Script\DBScript\Changes2016.sql
		Script\DBScript\MessageScript.sql = Script\DBScript\MessageScript.sql
		Script\DBScript\ReportConfig.sql = Script\DBScript\ReportConfig.sql
		Script\DBScript\Script-02.sql = Script\DBScript\Script-02.sql
		Script\DBScript\TableConfig.sql = Script\DBScript\TableConfig.sql
		Script\DBScript\VisibilityScript.sql = Script\DBScript\VisibilityScript.sql
	EndProjectSection
EndProject
Project("{FAE04EC0-301F-11D3-BF4B-00C04F79EFBC}") = "PCSTestReport", "PCSTestReport\PCSTestReport\PCSTestReport.csproj", "{BD1226AC-4EB1-4787-A05C-81C7B2066C66}"
	ProjectSection(ProjectDependencies) = postProject
		{A146CF5E-F135-44DE-B57F-CEE4C2B0D688} = {A146CF5E-F135-44DE-B57F-CEE4C2B0D688}
		{E5081AA4-75EC-4BE6-AFE8-B06468731975} = {E5081AA4-75EC-4BE6-AFE8-B06468731975}
	EndProjectSection
EndProject
Project("{2150E333-8FDC-42A3-9474-1A3956D46DE8}") = "References", "References", "{FD96BD41-2DAB-4AD0-98F9-A4D5C65AB501}"
	ProjectSection(SolutionItems) = preProject
		References\log4net.dll = References\log4net.dll
		References\log4net.xml = References\log4net.xml
	EndProjectSection
EndProject
Global
	GlobalSection(SolutionConfigurationPlatforms) = preSolution
		Debug|Any CPU = Debug|Any CPU
		Debug|Mixed Platforms = Debug|Mixed Platforms
		Debug|x86 = Debug|x86
		Release|Any CPU = Release|Any CPU
		Release|Mixed Platforms = Release|Mixed Platforms
		Release|x86 = Release|x86
	EndGlobalSection
	GlobalSection(ProjectConfigurationPlatforms) = postSolution
		{A146CF5E-F135-44DE-B57F-CEE4C2B0D688}.Debug|Any CPU.ActiveCfg = Debug|Any CPU
		{A146CF5E-F135-44DE-B57F-CEE4C2B0D688}.Debug|Any CPU.Build.0 = Debug|Any CPU
		{A146CF5E-F135-44DE-B57F-CEE4C2B0D688}.Debug|Mixed Platforms.ActiveCfg = Debug|Any CPU
		{A146CF5E-F135-44DE-B57F-CEE4C2B0D688}.Debug|Mixed Platforms.Build.0 = Debug|Any CPU
		{A146CF5E-F135-44DE-B57F-CEE4C2B0D688}.Debug|x86.ActiveCfg = Debug|Any CPU
		{A146CF5E-F135-44DE-B57F-CEE4C2B0D688}.Debug|x86.Build.0 = Debug|Any CPU
		{A146CF5E-F135-44DE-B57F-CEE4C2B0D688}.Release|Any CPU.ActiveCfg = Release|Any CPU
		{A146CF5E-F135-44DE-B57F-CEE4C2B0D688}.Release|Any CPU.Build.0 = Release|Any CPU
		{A146CF5E-F135-44DE-B57F-CEE4C2B0D688}.Release|Mixed Platforms.ActiveCfg = Release|Any CPU
		{A146CF5E-F135-44DE-B57F-CEE4C2B0D688}.Release|Mixed Platforms.Build.0 = Release|Any CPU
		{A146CF5E-F135-44DE-B57F-CEE4C2B0D688}.Release|x86.ActiveCfg = Release|Any CPU
		{A146CF5E-F135-44DE-B57F-CEE4C2B0D688}.Release|x86.Build.0 = Release|Any CPU
		{0F848537-F9CD-47FD-9843-B47981FC0F33}.Debug|Any CPU.ActiveCfg = Debug|Any CPU
		{0F848537-F9CD-47FD-9843-B47981FC0F33}.Debug|Any CPU.Build.0 = Debug|Any CPU
		{0F848537-F9CD-47FD-9843-B47981FC0F33}.Debug|Mixed Platforms.ActiveCfg = Debug|Any CPU
		{0F848537-F9CD-47FD-9843-B47981FC0F33}.Debug|Mixed Platforms.Build.0 = Debug|Any CPU
		{0F848537-F9CD-47FD-9843-B47981FC0F33}.Debug|x86.ActiveCfg = Debug|Any CPU
		{0F848537-F9CD-47FD-9843-B47981FC0F33}.Debug|x86.Build.0 = Debug|Any CPU
		{0F848537-F9CD-47FD-9843-B47981FC0F33}.Release|Any CPU.ActiveCfg = Release|Any CPU
		{0F848537-F9CD-47FD-9843-B47981FC0F33}.Release|Any CPU.Build.0 = Release|Any CPU
		{0F848537-F9CD-47FD-9843-B47981FC0F33}.Release|Mixed Platforms.ActiveCfg = Release|Any CPU
		{0F848537-F9CD-47FD-9843-B47981FC0F33}.Release|Mixed Platforms.Build.0 = Release|Any CPU
		{0F848537-F9CD-47FD-9843-B47981FC0F33}.Release|x86.ActiveCfg = Release|Any CPU
		{0F848537-F9CD-47FD-9843-B47981FC0F33}.Release|x86.Build.0 = Release|Any CPU
		{C7CB663C-278C-4D47-8412-9ACF68163945}.Debug|Any CPU.ActiveCfg = Debug|Any CPU
		{C7CB663C-278C-4D47-8412-9ACF68163945}.Debug|Any CPU.Build.0 = Debug|Any CPU
		{C7CB663C-278C-4D47-8412-9ACF68163945}.Debug|Mixed Platforms.ActiveCfg = Debug|Any CPU
		{C7CB663C-278C-4D47-8412-9ACF68163945}.Debug|Mixed Platforms.Build.0 = Debug|Any CPU
		{C7CB663C-278C-4D47-8412-9ACF68163945}.Debug|x86.ActiveCfg = Debug|Any CPU
		{C7CB663C-278C-4D47-8412-9ACF68163945}.Debug|x86.Build.0 = Debug|Any CPU
		{C7CB663C-278C-4D47-8412-9ACF68163945}.Release|Any CPU.ActiveCfg = Release|Any CPU
		{C7CB663C-278C-4D47-8412-9ACF68163945}.Release|Any CPU.Build.0 = Release|Any CPU
		{C7CB663C-278C-4D47-8412-9ACF68163945}.Release|Mixed Platforms.ActiveCfg = Release|Any CPU
		{C7CB663C-278C-4D47-8412-9ACF68163945}.Release|Mixed Platforms.Build.0 = Release|Any CPU
		{C7CB663C-278C-4D47-8412-9ACF68163945}.Release|x86.ActiveCfg = Release|Any CPU
		{C7CB663C-278C-4D47-8412-9ACF68163945}.Release|x86.Build.0 = Release|Any CPU
		{24C8BA34-C5E1-4797-9461-EABAFD7E4C21}.Debug|Any CPU.ActiveCfg = Debug|Any CPU
		{24C8BA34-C5E1-4797-9461-EABAFD7E4C21}.Debug|Any CPU.Build.0 = Debug|Any CPU
		{24C8BA34-C5E1-4797-9461-EABAFD7E4C21}.Debug|Mixed Platforms.ActiveCfg = Debug|Any CPU
		{24C8BA34-C5E1-4797-9461-EABAFD7E4C21}.Debug|Mixed Platforms.Build.0 = Debug|Any CPU
		{24C8BA34-C5E1-4797-9461-EABAFD7E4C21}.Debug|x86.ActiveCfg = Debug|Any CPU
		{24C8BA34-C5E1-4797-9461-EABAFD7E4C21}.Debug|x86.Build.0 = Debug|Any CPU
		{24C8BA34-C5E1-4797-9461-EABAFD7E4C21}.Release|Any CPU.ActiveCfg = Release|Any CPU
		{24C8BA34-C5E1-4797-9461-EABAFD7E4C21}.Release|Any CPU.Build.0 = Release|Any CPU
		{24C8BA34-C5E1-4797-9461-EABAFD7E4C21}.Release|Mixed Platforms.ActiveCfg = Release|Any CPU
		{24C8BA34-C5E1-4797-9461-EABAFD7E4C21}.Release|Mixed Platforms.Build.0 = Release|Any CPU
		{24C8BA34-C5E1-4797-9461-EABAFD7E4C21}.Release|x86.ActiveCfg = Release|Any CPU
		{24C8BA34-C5E1-4797-9461-EABAFD7E4C21}.Release|x86.Build.0 = Release|Any CPU
		{F2AC6437-5358-4C9E-8FC5-C3133A827924}.Debug|Any CPU.ActiveCfg = Debug|Any CPU
		{F2AC6437-5358-4C9E-8FC5-C3133A827924}.Debug|Any CPU.Build.0 = Debug|Any CPU
		{F2AC6437-5358-4C9E-8FC5-C3133A827924}.Debug|Mixed Platforms.ActiveCfg = Debug|Any CPU
		{F2AC6437-5358-4C9E-8FC5-C3133A827924}.Debug|Mixed Platforms.Build.0 = Debug|Any CPU
		{F2AC6437-5358-4C9E-8FC5-C3133A827924}.Debug|x86.ActiveCfg = Debug|Any CPU
		{F2AC6437-5358-4C9E-8FC5-C3133A827924}.Debug|x86.Build.0 = Debug|Any CPU
		{F2AC6437-5358-4C9E-8FC5-C3133A827924}.Release|Any CPU.ActiveCfg = Release|Any CPU
		{F2AC6437-5358-4C9E-8FC5-C3133A827924}.Release|Any CPU.Build.0 = Release|Any CPU
		{F2AC6437-5358-4C9E-8FC5-C3133A827924}.Release|Mixed Platforms.ActiveCfg = Release|Any CPU
		{F2AC6437-5358-4C9E-8FC5-C3133A827924}.Release|Mixed Platforms.Build.0 = Release|Any CPU
		{F2AC6437-5358-4C9E-8FC5-C3133A827924}.Release|x86.ActiveCfg = Release|Any CPU
		{F2AC6437-5358-4C9E-8FC5-C3133A827924}.Release|x86.Build.0 = Release|Any CPU
		{F66B9836-17A4-491B-B173-3CC249BE2335}.Debug|Any CPU.ActiveCfg = Debug|Any CPU
		{F66B9836-17A4-491B-B173-3CC249BE2335}.Debug|Any CPU.Build.0 = Debug|Any CPU
		{F66B9836-17A4-491B-B173-3CC249BE2335}.Debug|Mixed Platforms.ActiveCfg = Debug|Any CPU
		{F66B9836-17A4-491B-B173-3CC249BE2335}.Debug|Mixed Platforms.Build.0 = Debug|Any CPU
		{F66B9836-17A4-491B-B173-3CC249BE2335}.Debug|x86.ActiveCfg = Debug|Any CPU
		{F66B9836-17A4-491B-B173-3CC249BE2335}.Debug|x86.Build.0 = Debug|Any CPU
		{F66B9836-17A4-491B-B173-3CC249BE2335}.Release|Any CPU.ActiveCfg = Release|Any CPU
		{F66B9836-17A4-491B-B173-3CC249BE2335}.Release|Any CPU.Build.0 = Release|Any CPU
		{F66B9836-17A4-491B-B173-3CC249BE2335}.Release|Mixed Platforms.ActiveCfg = Release|Any CPU
		{F66B9836-17A4-491B-B173-3CC249BE2335}.Release|Mixed Platforms.Build.0 = Release|Any CPU
		{F66B9836-17A4-491B-B173-3CC249BE2335}.Release|x86.ActiveCfg = Release|Any CPU
		{F66B9836-17A4-491B-B173-3CC249BE2335}.Release|x86.Build.0 = Release|Any CPU
		{F04D0806-FEDF-41F3-BE23-B5D9DE50BBE1}.Debug|Any CPU.ActiveCfg = Debug|Any CPU
		{F04D0806-FEDF-41F3-BE23-B5D9DE50BBE1}.Debug|Any CPU.Build.0 = Debug|Any CPU
		{F04D0806-FEDF-41F3-BE23-B5D9DE50BBE1}.Debug|Mixed Platforms.ActiveCfg = Debug|Any CPU
		{F04D0806-FEDF-41F3-BE23-B5D9DE50BBE1}.Debug|Mixed Platforms.Build.0 = Debug|Any CPU
		{F04D0806-FEDF-41F3-BE23-B5D9DE50BBE1}.Debug|x86.ActiveCfg = Debug|Any CPU
		{F04D0806-FEDF-41F3-BE23-B5D9DE50BBE1}.Debug|x86.Build.0 = Debug|Any CPU
		{F04D0806-FEDF-41F3-BE23-B5D9DE50BBE1}.Release|Any CPU.ActiveCfg = Release|Any CPU
		{F04D0806-FEDF-41F3-BE23-B5D9DE50BBE1}.Release|Any CPU.Build.0 = Release|Any CPU
		{F04D0806-FEDF-41F3-BE23-B5D9DE50BBE1}.Release|Mixed Platforms.ActiveCfg = Release|Any CPU
		{F04D0806-FEDF-41F3-BE23-B5D9DE50BBE1}.Release|Mixed Platforms.Build.0 = Release|Any CPU
		{F04D0806-FEDF-41F3-BE23-B5D9DE50BBE1}.Release|x86.ActiveCfg = Release|Any CPU
		{F04D0806-FEDF-41F3-BE23-B5D9DE50BBE1}.Release|x86.Build.0 = Release|Any CPU
		{283E85A2-BB0B-494B-BC8F-B8FBEAF90C40}.Debug|Any CPU.ActiveCfg = Debug|Any CPU
		{283E85A2-BB0B-494B-BC8F-B8FBEAF90C40}.Debug|Any CPU.Build.0 = Debug|Any CPU
		{283E85A2-BB0B-494B-BC8F-B8FBEAF90C40}.Debug|Mixed Platforms.ActiveCfg = Debug|Any CPU
		{283E85A2-BB0B-494B-BC8F-B8FBEAF90C40}.Debug|Mixed Platforms.Build.0 = Debug|Any CPU
		{283E85A2-BB0B-494B-BC8F-B8FBEAF90C40}.Debug|x86.ActiveCfg = Debug|Any CPU
		{283E85A2-BB0B-494B-BC8F-B8FBEAF90C40}.Debug|x86.Build.0 = Debug|Any CPU
		{283E85A2-BB0B-494B-BC8F-B8FBEAF90C40}.Release|Any CPU.ActiveCfg = Release|Any CPU
		{283E85A2-BB0B-494B-BC8F-B8FBEAF90C40}.Release|Any CPU.Build.0 = Release|Any CPU
		{283E85A2-BB0B-494B-BC8F-B8FBEAF90C40}.Release|Mixed Platforms.ActiveCfg = Release|Any CPU
		{283E85A2-BB0B-494B-BC8F-B8FBEAF90C40}.Release|Mixed Platforms.Build.0 = Release|Any CPU
		{283E85A2-BB0B-494B-BC8F-B8FBEAF90C40}.Release|x86.ActiveCfg = Release|Any CPU
		{283E85A2-BB0B-494B-BC8F-B8FBEAF90C40}.Release|x86.Build.0 = Release|Any CPU
		{E5081AA4-75EC-4BE6-AFE8-B06468731975}.Debug|Any CPU.ActiveCfg = Debug|Any CPU
		{E5081AA4-75EC-4BE6-AFE8-B06468731975}.Debug|Any CPU.Build.0 = Debug|Any CPU
		{E5081AA4-75EC-4BE6-AFE8-B06468731975}.Debug|Mixed Platforms.ActiveCfg = Debug|Any CPU
		{E5081AA4-75EC-4BE6-AFE8-B06468731975}.Debug|Mixed Platforms.Build.0 = Debug|Any CPU
		{E5081AA4-75EC-4BE6-AFE8-B06468731975}.Debug|x86.ActiveCfg = Debug|Any CPU
		{E5081AA4-75EC-4BE6-AFE8-B06468731975}.Debug|x86.Build.0 = Debug|Any CPU
		{E5081AA4-75EC-4BE6-AFE8-B06468731975}.Release|Any CPU.ActiveCfg = Release|Any CPU
		{E5081AA4-75EC-4BE6-AFE8-B06468731975}.Release|Any CPU.Build.0 = Release|Any CPU
		{E5081AA4-75EC-4BE6-AFE8-B06468731975}.Release|Mixed Platforms.ActiveCfg = Release|Any CPU
		{E5081AA4-75EC-4BE6-AFE8-B06468731975}.Release|Mixed Platforms.Build.0 = Release|Any CPU
		{E5081AA4-75EC-4BE6-AFE8-B06468731975}.Release|x86.ActiveCfg = Release|Any CPU
		{E5081AA4-75EC-4BE6-AFE8-B06468731975}.Release|x86.Build.0 = Release|Any CPU
		{DD7796F1-728B-404B-A92A-48F8B65E6DAF}.Debug|Any CPU.ActiveCfg = Debug|Any CPU
		{DD7796F1-728B-404B-A92A-48F8B65E6DAF}.Debug|Any CPU.Build.0 = Debug|Any CPU
		{DD7796F1-728B-404B-A92A-48F8B65E6DAF}.Debug|Mixed Platforms.ActiveCfg = Debug|Any CPU
		{DD7796F1-728B-404B-A92A-48F8B65E6DAF}.Debug|Mixed Platforms.Build.0 = Debug|Any CPU
		{DD7796F1-728B-404B-A92A-48F8B65E6DAF}.Debug|x86.ActiveCfg = Debug|Any CPU
		{DD7796F1-728B-404B-A92A-48F8B65E6DAF}.Debug|x86.Build.0 = Debug|Any CPU
		{DD7796F1-728B-404B-A92A-48F8B65E6DAF}.Release|Any CPU.ActiveCfg = Release|Any CPU
		{DD7796F1-728B-404B-A92A-48F8B65E6DAF}.Release|Any CPU.Build.0 = Release|Any CPU
		{DD7796F1-728B-404B-A92A-48F8B65E6DAF}.Release|Mixed Platforms.ActiveCfg = Release|Any CPU
		{DD7796F1-728B-404B-A92A-48F8B65E6DAF}.Release|Mixed Platforms.Build.0 = Release|Any CPU
		{DD7796F1-728B-404B-A92A-48F8B65E6DAF}.Release|x86.ActiveCfg = Release|Any CPU
		{DD7796F1-728B-404B-A92A-48F8B65E6DAF}.Release|x86.Build.0 = Release|Any CPU
		{EB933A98-1AF9-4849-85FA-BCEFA574D59B}.Debug|Any CPU.ActiveCfg = Debug|Any CPU
		{EB933A98-1AF9-4849-85FA-BCEFA574D59B}.Debug|Any CPU.Build.0 = Debug|Any CPU
		{EB933A98-1AF9-4849-85FA-BCEFA574D59B}.Debug|Mixed Platforms.ActiveCfg = Debug|Any CPU
		{EB933A98-1AF9-4849-85FA-BCEFA574D59B}.Debug|Mixed Platforms.Build.0 = Debug|Any CPU
		{EB933A98-1AF9-4849-85FA-BCEFA574D59B}.Debug|x86.ActiveCfg = Debug|Any CPU
		{EB933A98-1AF9-4849-85FA-BCEFA574D59B}.Debug|x86.Build.0 = Debug|Any CPU
		{EB933A98-1AF9-4849-85FA-BCEFA574D59B}.Release|Any CPU.ActiveCfg = Release|Any CPU
		{EB933A98-1AF9-4849-85FA-BCEFA574D59B}.Release|Any CPU.Build.0 = Release|Any CPU
		{EB933A98-1AF9-4849-85FA-BCEFA574D59B}.Release|Mixed Platforms.ActiveCfg = Release|Any CPU
		{EB933A98-1AF9-4849-85FA-BCEFA574D59B}.Release|Mixed Platforms.Build.0 = Release|Any CPU
		{EB933A98-1AF9-4849-85FA-BCEFA574D59B}.Release|x86.ActiveCfg = Release|Any CPU
		{EB933A98-1AF9-4849-85FA-BCEFA574D59B}.Release|x86.Build.0 = Release|Any CPU
		{798D3773-7CD2-47CC-B3A6-532289CFB0DF}.Debug|Any CPU.ActiveCfg = Debug|Any CPU
		{798D3773-7CD2-47CC-B3A6-532289CFB0DF}.Debug|Any CPU.Build.0 = Debug|Any CPU
		{798D3773-7CD2-47CC-B3A6-532289CFB0DF}.Debug|Mixed Platforms.ActiveCfg = Debug|Any CPU
		{798D3773-7CD2-47CC-B3A6-532289CFB0DF}.Debug|Mixed Platforms.Build.0 = Debug|Any CPU
		{798D3773-7CD2-47CC-B3A6-532289CFB0DF}.Debug|x86.ActiveCfg = Debug|Any CPU
		{798D3773-7CD2-47CC-B3A6-532289CFB0DF}.Debug|x86.Build.0 = Debug|Any CPU
		{798D3773-7CD2-47CC-B3A6-532289CFB0DF}.Release|Any CPU.ActiveCfg = Release|Any CPU
		{798D3773-7CD2-47CC-B3A6-532289CFB0DF}.Release|Any CPU.Build.0 = Release|Any CPU
		{798D3773-7CD2-47CC-B3A6-532289CFB0DF}.Release|Mixed Platforms.ActiveCfg = Release|Any CPU
		{798D3773-7CD2-47CC-B3A6-532289CFB0DF}.Release|Mixed Platforms.Build.0 = Release|Any CPU
		{798D3773-7CD2-47CC-B3A6-532289CFB0DF}.Release|x86.ActiveCfg = Release|Any CPU
		{798D3773-7CD2-47CC-B3A6-532289CFB0DF}.Release|x86.Build.0 = Release|Any CPU
		{02A4CA22-E178-4778-AE47-78FFE4FA716C}.Debug|Any CPU.ActiveCfg = Debug|Any CPU
		{02A4CA22-E178-4778-AE47-78FFE4FA716C}.Debug|Any CPU.Build.0 = Debug|Any CPU
		{02A4CA22-E178-4778-AE47-78FFE4FA716C}.Debug|Mixed Platforms.ActiveCfg = Debug|Any CPU
		{02A4CA22-E178-4778-AE47-78FFE4FA716C}.Debug|Mixed Platforms.Build.0 = Debug|Any CPU
		{02A4CA22-E178-4778-AE47-78FFE4FA716C}.Debug|x86.ActiveCfg = Debug|Any CPU
		{02A4CA22-E178-4778-AE47-78FFE4FA716C}.Debug|x86.Build.0 = Debug|Any CPU
		{02A4CA22-E178-4778-AE47-78FFE4FA716C}.Release|Any CPU.ActiveCfg = Release|Any CPU
		{02A4CA22-E178-4778-AE47-78FFE4FA716C}.Release|Any CPU.Build.0 = Release|Any CPU
		{02A4CA22-E178-4778-AE47-78FFE4FA716C}.Release|Mixed Platforms.ActiveCfg = Release|Any CPU
		{02A4CA22-E178-4778-AE47-78FFE4FA716C}.Release|Mixed Platforms.Build.0 = Release|Any CPU
		{02A4CA22-E178-4778-AE47-78FFE4FA716C}.Release|x86.ActiveCfg = Release|Any CPU
		{02A4CA22-E178-4778-AE47-78FFE4FA716C}.Release|x86.Build.0 = Release|Any CPU
		{787876FF-B8A4-4693-AADA-9FF818F2A6D6}.Debug|Any CPU.ActiveCfg = Debug|Any CPU
		{787876FF-B8A4-4693-AADA-9FF818F2A6D6}.Debug|Any CPU.Build.0 = Debug|Any CPU
		{787876FF-B8A4-4693-AADA-9FF818F2A6D6}.Debug|Mixed Platforms.ActiveCfg = Debug|Any CPU
		{787876FF-B8A4-4693-AADA-9FF818F2A6D6}.Debug|Mixed Platforms.Build.0 = Debug|Any CPU
		{787876FF-B8A4-4693-AADA-9FF818F2A6D6}.Debug|x86.ActiveCfg = Debug|Any CPU
		{787876FF-B8A4-4693-AADA-9FF818F2A6D6}.Debug|x86.Build.0 = Debug|Any CPU
		{787876FF-B8A4-4693-AADA-9FF818F2A6D6}.Release|Any CPU.ActiveCfg = Release|Any CPU
		{787876FF-B8A4-4693-AADA-9FF818F2A6D6}.Release|Any CPU.Build.0 = Release|Any CPU
		{787876FF-B8A4-4693-AADA-9FF818F2A6D6}.Release|Mixed Platforms.ActiveCfg = Release|Any CPU
		{787876FF-B8A4-4693-AADA-9FF818F2A6D6}.Release|Mixed Platforms.Build.0 = Release|Any CPU
		{787876FF-B8A4-4693-AADA-9FF818F2A6D6}.Release|x86.ActiveCfg = Release|Any CPU
		{787876FF-B8A4-4693-AADA-9FF818F2A6D6}.Release|x86.Build.0 = Release|Any CPU
		{F5D85900-F7FF-4E22-9A3F-8BF957D794EA}.Debug|Any CPU.ActiveCfg = Debug|Any CPU
		{F5D85900-F7FF-4E22-9A3F-8BF957D794EA}.Debug|Any CPU.Build.0 = Debug|Any CPU
		{F5D85900-F7FF-4E22-9A3F-8BF957D794EA}.Debug|Mixed Platforms.ActiveCfg = Debug|Any CPU
		{F5D85900-F7FF-4E22-9A3F-8BF957D794EA}.Debug|Mixed Platforms.Build.0 = Debug|Any CPU
		{F5D85900-F7FF-4E22-9A3F-8BF957D794EA}.Debug|x86.ActiveCfg = Debug|Any CPU
		{F5D85900-F7FF-4E22-9A3F-8BF957D794EA}.Debug|x86.Build.0 = Debug|Any CPU
		{F5D85900-F7FF-4E22-9A3F-8BF957D794EA}.Release|Any CPU.ActiveCfg = Release|Any CPU
		{F5D85900-F7FF-4E22-9A3F-8BF957D794EA}.Release|Any CPU.Build.0 = Release|Any CPU
		{F5D85900-F7FF-4E22-9A3F-8BF957D794EA}.Release|Mixed Platforms.ActiveCfg = Release|Any CPU
		{F5D85900-F7FF-4E22-9A3F-8BF957D794EA}.Release|Mixed Platforms.Build.0 = Release|Any CPU
		{F5D85900-F7FF-4E22-9A3F-8BF957D794EA}.Release|x86.ActiveCfg = Release|Any CPU
		{F5D85900-F7FF-4E22-9A3F-8BF957D794EA}.Release|x86.Build.0 = Release|Any CPU
		{BD1226AC-4EB1-4787-A05C-81C7B2066C66}.Debug|Any CPU.ActiveCfg = Debug|Any CPU
		{BD1226AC-4EB1-4787-A05C-81C7B2066C66}.Debug|Any CPU.Build.0 = Debug|Any CPU
		{BD1226AC-4EB1-4787-A05C-81C7B2066C66}.Debug|Mixed Platforms.ActiveCfg = Debug|Any CPU
		{BD1226AC-4EB1-4787-A05C-81C7B2066C66}.Debug|x86.ActiveCfg = Debug|Any CPU
		{BD1226AC-4EB1-4787-A05C-81C7B2066C66}.Release|Any CPU.ActiveCfg = Release|Any CPU
		{BD1226AC-4EB1-4787-A05C-81C7B2066C66}.Release|Any CPU.Build.0 = Release|Any CPU
		{BD1226AC-4EB1-4787-A05C-81C7B2066C66}.Release|Mixed Platforms.ActiveCfg = Release|Any CPU
		{BD1226AC-4EB1-4787-A05C-81C7B2066C66}.Release|Mixed Platforms.Build.0 = Release|Any CPU
		{BD1226AC-4EB1-4787-A05C-81C7B2066C66}.Release|x86.ActiveCfg = Release|Any CPU
	EndGlobalSection
	GlobalSection(SolutionProperties) = preSolution
		HideSolutionNode = FALSE
	EndGlobalSection
	GlobalSection(ExtensibilityGlobals) = postSolution
		VisualSVNWorkingCopyRoot = .
	EndGlobalSection
EndGlobal
